{
  "requires": true,
  "lockfileVersion": 1,
  "dependencies": {
    "ipp": {
      "version": "2.0.1",
      "resolved": "https://registry.npmjs.org/ipp/-/ipp-2.0.1.tgz",
      "integrity": "sha512-p5dO2BXAVDnkv6IhUBupwydkq5/uw+DE+MGXnYzziNK1AtuLgbT9dFfJ3f8pA+J21n43TYipm6et/hTDEFJU/A=="
    }
  }
}
